// !$*UTF8*$!
{
	archiveVersion = 1;
	classes = {
	};
	objectVersion = 56;
	objects = {

/* Begin PBXBuildFile section */
		5F09740629F8A1F10036E8A1 /* TypedID.swift in Sources */ = {isa = PBXBuildFile; fileRef = 5F09740529F8A1F10036E8A1 /* TypedID.swift */; };
		5F27947029FC6C7400F65FF4 /* LilitaOne-Regular.ttf in Resources */ = {isa = PBXBuildFile; fileRef = 5F27946F29FC6C7400F65FF4 /* LilitaOne-Regular.ttf */; };
		5F27947329FCB6A200F65FF4 /* Concurrency.swift in Sources */ = {isa = PBXBuildFile; fileRef = 5F27947229FCB6A200F65FF4 /* Concurrency.swift */; };
		5F27947529FCB6BD00F65FF4 /* AwaitPublisher.swift in Sources */ = {isa = PBXBuildFile; fileRef = 5F27947429FCB6BD00F65FF4 /* AwaitPublisher.swift */; };
		5F27947B29FF539000F65FF4 /* FunHeader.swift in Sources */ = {isa = PBXBuildFile; fileRef = 5F27947A29FF539000F65FF4 /* FunHeader.swift */; };
		5F27947D29FF53C200F65FF4 /* FunButtonStyle.swift in Sources */ = {isa = PBXBuildFile; fileRef = 5F27947C29FF53C200F65FF4 /* FunButtonStyle.swift */; };
		5F27947F29FF541F00F65FF4 /* FunTextField.swift in Sources */ = {isa = PBXBuildFile; fileRef = 5F27947E29FF541F00F65FF4 /* FunTextField.swift */; };
		5F27948129FF554900F65FF4 /* BridgedTextField.swift in Sources */ = {isa = PBXBuildFile; fileRef = 5F27948029FF554900F65FF4 /* BridgedTextField.swift */; };
		5F27948329FF557000F65FF4 /* BridgedTextView.swift in Sources */ = {isa = PBXBuildFile; fileRef = 5F27948229FF557000F65FF4 /* BridgedTextView.swift */; };
		5F31F2F929FA08AB00B79E7C /* TitleSlide.swift in Sources */ = {isa = PBXBuildFile; fileRef = 5F31F2F829FA08AB00B79E7C /* TitleSlide.swift */; };
		5F46A48D2C8514D100D3E82D /* ChatToys in Frameworks */ = {isa = PBXBuildFile; productRef = 5F46A48C2C8514D100D3E82D /* ChatToys */; };
		5F57F76D29FB5A8000077992 /* Constants.swift in Sources */ = {isa = PBXBuildFile; fileRef = 5F57F76C29FB5A8000077992 /* Constants.swift */; };
		5F57F77029FB5E8800077992 /* FunTitleText.swift in Sources */ = {isa = PBXBuildFile; fileRef = 5F57F76F29FB5E8800077992 /* FunTitleText.swift */; };
		5F69680629D1005D005ECEEB /* ArrayUtils.swift in Sources */ = {isa = PBXBuildFile; fileRef = 5F69680529D1005D005ECEEB /* ArrayUtils.swift */; };
		5F69680929D10A59005ECEEB /* Ink in Frameworks */ = {isa = PBXBuildFile; productRef = 5F69680829D10A59005ECEEB /* Ink */; };
		5F69680D29D10ADD005ECEEB /* InfoSlide.swift in Sources */ = {isa = PBXBuildFile; fileRef = 5F69680C29D10ADD005ECEEB /* InfoSlide.swift */; };
		5F69681129D10B17005ECEEB /* WebContent.swift in Sources */ = {isa = PBXBuildFile; fileRef = 5F69680F29D10B17005ECEEB /* WebContent.swift */; };
		5F69681229D10B17005ECEEB /* WebView.swift in Sources */ = {isa = PBXBuildFile; fileRef = 5F69681029D10B17005ECEEB /* WebView.swift */; };
		5F69681429D10E4E005ECEEB /* WebView+JS.swift in Sources */ = {isa = PBXBuildFile; fileRef = 5F69681329D10E4E005ECEEB /* WebView+JS.swift */; };
		5F69681629D11885005ECEEB /* Questions.swift in Sources */ = {isa = PBXBuildFile; fileRef = 5F69681529D11885005ECEEB /* Questions.swift */; };
		5F69681829D3CA50005ECEEB /* QuestionSlide.swift in Sources */ = {isa = PBXBuildFile; fileRef = 5F69681729D3CA4F005ECEEB /* QuestionSlide.swift */; };
		5F69681A29D3CA61005ECEEB /* ProgressStore.swift in Sources */ = {isa = PBXBuildFile; fileRef = 5F69681929D3CA61005ECEEB /* ProgressStore.swift */; };
		5F69681C29D3ECC2005ECEEB /* SeededRandom.swift in Sources */ = {isa = PBXBuildFile; fileRef = 5F69681B29D3ECC2005ECEEB /* SeededRandom.swift */; };
		5F69681E29D4C3BB005ECEEB /* FunViews.swift in Sources */ = {isa = PBXBuildFile; fileRef = 5F69681D29D4C3BB005ECEEB /* FunViews.swift */; };
		5F79E1DB29DFC05000B91392 /* Settings.swift in Sources */ = {isa = PBXBuildFile; fileRef = 5F79E1DA29DFC05000B91392 /* Settings.swift */; };
		5F7B6F7C29F89E9200B5C15F /* IdentifiedArray.swift in Sources */ = {isa = PBXBuildFile; fileRef = 5F7B6F7B29F89E9200B5C15F /* IdentifiedArray.swift */; };
		5FB040A529D0EF52008C24B1 /* LessonsApp.swift in Sources */ = {isa = PBXBuildFile; fileRef = 5FB040A429D0EF52008C24B1 /* LessonsApp.swift */; };
		5FB040A729D0EF52008C24B1 /* CourseList.swift in Sources */ = {isa = PBXBuildFile; fileRef = 5FB040A629D0EF52008C24B1 /* CourseList.swift */; };
		5FB040A929D0EF53008C24B1 /* Assets.xcassets in Resources */ = {isa = PBXBuildFile; fileRef = 5FB040A829D0EF53008C24B1 /* Assets.xcassets */; };
		5FB040AC29D0EF53008C24B1 /* Preview Assets.xcassets in Resources */ = {isa = PBXBuildFile; fileRef = 5FB040AB29D0EF53008C24B1 /* Preview Assets.xcassets */; };
		5FB040B429D0EF7A008C24B1 /* OpenAIStreamingCompletions in Frameworks */ = {isa = PBXBuildFile; productRef = 5FB040B329D0EF7A008C24B1 /* OpenAIStreamingCompletions */; };
		5FB040B629D0EFC1008C24B1 /* DataStore.swift in Sources */ = {isa = PBXBuildFile; fileRef = 5FB040B529D0EFC1008C24B1 /* DataStore.swift */; };
		5FB040B929D0EFCA008C24B1 /* SwiftUIHelpers.swift in Sources */ = {isa = PBXBuildFile; fileRef = 5FB040B729D0EFCA008C24B1 /* SwiftUIHelpers.swift */; };
		5FB040BA29D0EFCA008C24B1 /* StringHelpers.swift in Sources */ = {isa = PBXBuildFile; fileRef = 5FB040B829D0EFCA008C24B1 /* StringHelpers.swift */; };
		5FB040BD29D0EFE3008C24B1 /* CourseStore.swift in Sources */ = {isa = PBXBuildFile; fileRef = 5FB040BC29D0EFE3008C24B1 /* CourseStore.swift */; };
		5FB040BF29D0F26F008C24B1 /* NewCourse.swift in Sources */ = {isa = PBXBuildFile; fileRef = 5FB040BE29D0F26F008C24B1 /* NewCourse.swift */; };
		5FB040C129D0F3AC008C24B1 /* CourseView.swift in Sources */ = {isa = PBXBuildFile; fileRef = 5FB040C029D0F3AC008C24B1 /* CourseView.swift */; };
		5FB040C329D0F402008C24B1 /* CourseGen.swift in Sources */ = {isa = PBXBuildFile; fileRef = 5FB040C229D0F402008C24B1 /* CourseGen.swift */; };
		5FB040C729D0F465008C24B1 /* Tokens.swift in Sources */ = {isa = PBXBuildFile; fileRef = 5FB040C629D0F465008C24B1 /* Tokens.swift */; };
		5FB040C929D0F46D008C24B1 /* ParseConversation.swift in Sources */ = {isa = PBXBuildFile; fileRef = 5FB040C829D0F46D008C24B1 /* ParseConversation.swift */; };
		5FB040CB29D0F470008C24B1 /* PromptPacker.swift in Sources */ = {isa = PBXBuildFile; fileRef = 5FB040CA29D0F470008C24B1 /* PromptPacker.swift */; };
		5FB040D029D0FC67008C24B1 /* UnitView.swift in Sources */ = {isa = PBXBuildFile; fileRef = 5FB040CF29D0FC67008C24B1 /* UnitView.swift */; };
		5FB040D229D0FECA008C24B1 /* SlideGen.swift in Sources */ = {isa = PBXBuildFile; fileRef = 5FB040D129D0FECA008C24B1 /* SlideGen.swift */; };
		5FF4168529E378CE007CCB5A /* ChatStore.swift in Sources */ = {isa = PBXBuildFile; fileRef = 5FF4168429E378CE007CCB5A /* ChatStore.swift */; };
		5FF4168729E37A5D007CCB5A /* ScrollableCenteredView.swift in Sources */ = {isa = PBXBuildFile; fileRef = 5FF4168629E37A5D007CCB5A /* ScrollableCenteredView.swift */; };
		5FF4168929E37C18007CCB5A /* ChatGen.swift in Sources */ = {isa = PBXBuildFile; fileRef = 5FF4168829E37C18007CCB5A /* ChatGen.swift */; };
		5FF4168C29E3966B007CCB5A /* ChatView.swift in Sources */ = {isa = PBXBuildFile; fileRef = 5FF4168B29E3966B007CCB5A /* ChatView.swift */; };
		5FF4168E29E39686007CCB5A /* Animations.swift in Sources */ = {isa = PBXBuildFile; fileRef = 5FF4168D29E39686007CCB5A /* Animations.swift */; };
		5FF4169029E3B14E007CCB5A /* TypingView.swift in Sources */ = {isa = PBXBuildFile; fileRef = 5FF4168F29E3B14E007CCB5A /* TypingView.swift */; };
/* End PBXBuildFile section */

/* Begin PBXFileReference section */
		5F09740529F8A1F10036E8A1 /* TypedID.swift */ = {isa = PBXFileReference; lastKnownFileType = sourcecode.swift; path = TypedID.swift; sourceTree = "<group>"; };
		5F27946F29FC6C7400F65FF4 /* LilitaOne-Regular.ttf */ = {isa = PBXFileReference; lastKnownFileType = file; path = "LilitaOne-Regular.ttf"; sourceTree = "<group>"; };
		5F27947229FCB6A200F65FF4 /* Concurrency.swift */ = {isa = PBXFileReference; lastKnownFileType = sourcecode.swift; path = Concurrency.swift; sourceTree = "<group>"; };
		5F27947429FCB6BD00F65FF4 /* AwaitPublisher.swift */ = {isa = PBXFileReference; lastKnownFileType = sourcecode.swift; path = AwaitPublisher.swift; sourceTree = "<group>"; };
		5F27947A29FF539000F65FF4 /* FunHeader.swift */ = {isa = PBXFileReference; lastKnownFileType = sourcecode.swift; path = FunHeader.swift; sourceTree = "<group>"; };
		5F27947C29FF53C200F65FF4 /* FunButtonStyle.swift */ = {isa = PBXFileReference; lastKnownFileType = sourcecode.swift; path = FunButtonStyle.swift; sourceTree = "<group>"; };
		5F27947E29FF541F00F65FF4 /* FunTextField.swift */ = {isa = PBXFileReference; lastKnownFileType = sourcecode.swift; path = FunTextField.swift; sourceTree = "<group>"; };
		5F27948029FF554900F65FF4 /* BridgedTextField.swift */ = {isa = PBXFileReference; lastKnownFileType = sourcecode.swift; path = BridgedTextField.swift; sourceTree = "<group>"; };
		5F27948229FF557000F65FF4 /* BridgedTextView.swift */ = {isa = PBXFileReference; lastKnownFileType = sourcecode.swift; path = BridgedTextView.swift; sourceTree = "<group>"; };
		5F31F2F829FA08AB00B79E7C /* TitleSlide.swift */ = {isa = PBXFileReference; lastKnownFileType = sourcecode.swift; path = TitleSlide.swift; sourceTree = "<group>"; };
		5F57F76C29FB5A8000077992 /* Constants.swift */ = {isa = PBXFileReference; lastKnownFileType = sourcecode.swift; path = Constants.swift; sourceTree = "<group>"; };
		5F57F76F29FB5E8800077992 /* FunTitleText.swift */ = {isa = PBXFileReference; lastKnownFileType = sourcecode.swift; path = FunTitleText.swift; sourceTree = "<group>"; };
		5F69680529D1005D005ECEEB /* ArrayUtils.swift */ = {isa = PBXFileReference; lastKnownFileType = sourcecode.swift; path = ArrayUtils.swift; sourceTree = "<group>"; };
		5F69680C29D10ADD005ECEEB /* InfoSlide.swift */ = {isa = PBXFileReference; lastKnownFileType = sourcecode.swift; path = InfoSlide.swift; sourceTree = "<group>"; };
		5F69680F29D10B17005ECEEB /* WebContent.swift */ = {isa = PBXFileReference; fileEncoding = 4; lastKnownFileType = sourcecode.swift; path = WebContent.swift; sourceTree = "<group>"; };
		5F69681029D10B17005ECEEB /* WebView.swift */ = {isa = PBXFileReference; fileEncoding = 4; lastKnownFileType = sourcecode.swift; path = WebView.swift; sourceTree = "<group>"; };
		5F69681329D10E4E005ECEEB /* WebView+JS.swift */ = {isa = PBXFileReference; fileEncoding = 4; lastKnownFileType = sourcecode.swift; path = "WebView+JS.swift"; sourceTree = "<group>"; };
		5F69681529D11885005ECEEB /* Questions.swift */ = {isa = PBXFileReference; lastKnownFileType = sourcecode.swift; path = Questions.swift; sourceTree = "<group>"; };
		5F69681729D3CA4F005ECEEB /* QuestionSlide.swift */ = {isa = PBXFileReference; lastKnownFileType = sourcecode.swift; path = QuestionSlide.swift; sourceTree = "<group>"; };
		5F69681929D3CA61005ECEEB /* ProgressStore.swift */ = {isa = PBXFileReference; lastKnownFileType = sourcecode.swift; path = ProgressStore.swift; sourceTree = "<group>"; };
		5F69681B29D3ECC2005ECEEB /* SeededRandom.swift */ = {isa = PBXFileReference; lastKnownFileType = sourcecode.swift; path = SeededRandom.swift; sourceTree = "<group>"; };
		5F69681D29D4C3BB005ECEEB /* FunViews.swift */ = {isa = PBXFileReference; lastKnownFileType = sourcecode.swift; path = FunViews.swift; sourceTree = "<group>"; };
		5F79E1DA29DFC05000B91392 /* Settings.swift */ = {isa = PBXFileReference; lastKnownFileType = sourcecode.swift; path = Settings.swift; sourceTree = "<group>"; };
		5F7B6F7B29F89E9200B5C15F /* IdentifiedArray.swift */ = {isa = PBXFileReference; lastKnownFileType = sourcecode.swift; path = IdentifiedArray.swift; sourceTree = "<group>"; };
		5FB040A129D0EF52008C24B1 /* Lessons.app */ = {isa = PBXFileReference; explicitFileType = wrapper.application; includeInIndex = 0; path = Lessons.app; sourceTree = BUILT_PRODUCTS_DIR; };
		5FB040A429D0EF52008C24B1 /* LessonsApp.swift */ = {isa = PBXFileReference; lastKnownFileType = sourcecode.swift; path = LessonsApp.swift; sourceTree = "<group>"; };
		5FB040A629D0EF52008C24B1 /* CourseList.swift */ = {isa = PBXFileReference; lastKnownFileType = sourcecode.swift; path = CourseList.swift; sourceTree = "<group>"; };
		5FB040A829D0EF53008C24B1 /* Assets.xcassets */ = {isa = PBXFileReference; lastKnownFileType = folder.assetcatalog; path = Assets.xcassets; sourceTree = "<group>"; };
		5FB040AB29D0EF53008C24B1 /* Preview Assets.xcassets */ = {isa = PBXFileReference; lastKnownFileType = folder.assetcatalog; path = "Preview Assets.xcassets"; sourceTree = "<group>"; };
		5FB040B529D0EFC1008C24B1 /* DataStore.swift */ = {isa = PBXFileReference; fileEncoding = 4; lastKnownFileType = sourcecode.swift; path = DataStore.swift; sourceTree = "<group>"; };
		5FB040B729D0EFCA008C24B1 /* SwiftUIHelpers.swift */ = {isa = PBXFileReference; fileEncoding = 4; lastKnownFileType = sourcecode.swift; path = SwiftUIHelpers.swift; sourceTree = "<group>"; };
		5FB040B829D0EFCA008C24B1 /* StringHelpers.swift */ = {isa = PBXFileReference; fileEncoding = 4; lastKnownFileType = sourcecode.swift; path = StringHelpers.swift; sourceTree = "<group>"; };
		5FB040BC29D0EFE3008C24B1 /* CourseStore.swift */ = {isa = PBXFileReference; lastKnownFileType = sourcecode.swift; path = CourseStore.swift; sourceTree = "<group>"; };
		5FB040BE29D0F26F008C24B1 /* NewCourse.swift */ = {isa = PBXFileReference; lastKnownFileType = sourcecode.swift; path = NewCourse.swift; sourceTree = "<group>"; };
		5FB040C029D0F3AC008C24B1 /* CourseView.swift */ = {isa = PBXFileReference; lastKnownFileType = sourcecode.swift; path = CourseView.swift; sourceTree = "<group>"; };
		5FB040C229D0F402008C24B1 /* CourseGen.swift */ = {isa = PBXFileReference; lastKnownFileType = sourcecode.swift; path = CourseGen.swift; sourceTree = "<group>"; };
		5FB040C629D0F465008C24B1 /* Tokens.swift */ = {isa = PBXFileReference; fileEncoding = 4; lastKnownFileType = sourcecode.swift; path = Tokens.swift; sourceTree = "<group>"; };
		5FB040C829D0F46D008C24B1 /* ParseConversation.swift */ = {isa = PBXFileReference; fileEncoding = 4; lastKnownFileType = sourcecode.swift; path = ParseConversation.swift; sourceTree = "<group>"; };
		5FB040CA29D0F470008C24B1 /* PromptPacker.swift */ = {isa = PBXFileReference; fileEncoding = 4; lastKnownFileType = sourcecode.swift; path = PromptPacker.swift; sourceTree = "<group>"; };
		5FB040CE29D0F9E8008C24B1 /* Info.plist */ = {isa = PBXFileReference; lastKnownFileType = text.plist; path = Info.plist; sourceTree = "<group>"; };
		5FB040CF29D0FC67008C24B1 /* UnitView.swift */ = {isa = PBXFileReference; lastKnownFileType = sourcecode.swift; path = UnitView.swift; sourceTree = "<group>"; };
		5FB040D129D0FECA008C24B1 /* SlideGen.swift */ = {isa = PBXFileReference; lastKnownFileType = sourcecode.swift; path = SlideGen.swift; sourceTree = "<group>"; };
		5FF4168429E378CE007CCB5A /* ChatStore.swift */ = {isa = PBXFileReference; lastKnownFileType = sourcecode.swift; path = ChatStore.swift; sourceTree = "<group>"; };
		5FF4168629E37A5D007CCB5A /* ScrollableCenteredView.swift */ = {isa = PBXFileReference; lastKnownFileType = sourcecode.swift; path = ScrollableCenteredView.swift; sourceTree = "<group>"; };
		5FF4168829E37C18007CCB5A /* ChatGen.swift */ = {isa = PBXFileReference; lastKnownFileType = sourcecode.swift; path = ChatGen.swift; sourceTree = "<group>"; };
		5FF4168B29E3966B007CCB5A /* ChatView.swift */ = {isa = PBXFileReference; lastKnownFileType = sourcecode.swift; path = ChatView.swift; sourceTree = "<group>"; };
		5FF4168D29E39686007CCB5A /* Animations.swift */ = {isa = PBXFileReference; lastKnownFileType = sourcecode.swift; path = Animations.swift; sourceTree = "<group>"; };
		5FF4168F29E3B14E007CCB5A /* TypingView.swift */ = {isa = PBXFileReference; lastKnownFileType = sourcecode.swift; path = TypingView.swift; sourceTree = "<group>"; };
/* End PBXFileReference section */

/* Begin PBXFrameworksBuildPhase section */
		5FB0409E29D0EF52008C24B1 /* Frameworks */ = {
			isa = PBXFrameworksBuildPhase;
			buildActionMask = 2147483647;
			files = (
				5FB040B429D0EF7A008C24B1 /* OpenAIStreamingCompletions in Frameworks */,
				5F69680929D10A59005ECEEB /* Ink in Frameworks */,
				5F46A48D2C8514D100D3E82D /* ChatToys in Frameworks */,
			);
			runOnlyForDeploymentPostprocessing = 0;
		};
/* End PBXFrameworksBuildPhase section */

/* Begin PBXGroup section */
		5F27946E29FC6BA700F65FF4 /* Fonts */ = {
			isa = PBXGroup;
			children = (
				5F27946F29FC6C7400F65FF4 /* LilitaOne-Regular.ttf */,
			);
			path = Fonts;
			sourceTree = "<group>";
		};
		5F27947129FC93F800F65FF4 /* Screens */ = {
			isa = PBXGroup;
			children = (
				5FB040A629D0EF52008C24B1 /* CourseList.swift */,
				5FB040BE29D0F26F008C24B1 /* NewCourse.swift */,
				5FB040C029D0F3AC008C24B1 /* CourseView.swift */,
				5FB040CF29D0FC67008C24B1 /* UnitView.swift */,
			);
			path = Screens;
			sourceTree = "<group>";
		};
		5F31F2F729FA086E00B79E7C /* Slides */ = {
			isa = PBXGroup;
			children = (
				5F31F2F829FA08AB00B79E7C /* TitleSlide.swift */,
				5F69680C29D10ADD005ECEEB /* InfoSlide.swift */,
				5F69681729D3CA4F005ECEEB /* QuestionSlide.swift */,
			);
			path = Slides;
			sourceTree = "<group>";
		};
		5F57F76E29FB5E7700077992 /* UI Toybox */ = {
			isa = PBXGroup;
			children = (
				5F69681D29D4C3BB005ECEEB /* FunViews.swift */,
				5F27947C29FF53C200F65FF4 /* FunButtonStyle.swift */,
				5F27947A29FF539000F65FF4 /* FunHeader.swift */,
				5F57F76F29FB5E8800077992 /* FunTitleText.swift */,
				5F27947E29FF541F00F65FF4 /* FunTextField.swift */,
				5F27948029FF554900F65FF4 /* BridgedTextField.swift */,
				5F27948229FF557000F65FF4 /* BridgedTextView.swift */,
			);
			path = "UI Toybox";
			sourceTree = "<group>";
		};
		5F69680E29D10B0C005ECEEB /* Web */ = {
			isa = PBXGroup;
			children = (
				5F69680F29D10B17005ECEEB /* WebContent.swift */,
				5F69681029D10B17005ECEEB /* WebView.swift */,
				5F69681329D10E4E005ECEEB /* WebView+JS.swift */,
			);
			path = Web;
			sourceTree = "<group>";
		};
		5FB0409829D0EF52008C24B1 = {
			isa = PBXGroup;
			children = (
				5FB040A329D0EF52008C24B1 /* Lessons */,
				5FB040A229D0EF52008C24B1 /* Products */,
			);
			sourceTree = "<group>";
		};
		5FB040A229D0EF52008C24B1 /* Products */ = {
			isa = PBXGroup;
			children = (
				5FB040A129D0EF52008C24B1 /* Lessons.app */,
			);
			name = Products;
			sourceTree = "<group>";
		};
		5FB040A329D0EF52008C24B1 /* Lessons */ = {
			isa = PBXGroup;
			children = (
				5FB040CE29D0F9E8008C24B1 /* Info.plist */,
				5F27946E29FC6BA700F65FF4 /* Fonts */,
				5FB040A429D0EF52008C24B1 /* LessonsApp.swift */,
				5F57F76C29FB5A8000077992 /* Constants.swift */,
				5F27947129FC93F800F65FF4 /* Screens */,
				5F31F2F729FA086E00B79E7C /* Slides */,
				5F57F76E29FB5E7700077992 /* UI Toybox */,
				5F79E1DA29DFC05000B91392 /* Settings.swift */,
				5FF4168A29E394AF007CCB5A /* Chat */,
				5FB040CD29D0F909008C24B1 /* Models */,
				5FB040CC29D0F475008C24B1 /* LLM */,
				5FB040BB29D0EFCD008C24B1 /* Utils */,
				5F69680E29D10B0C005ECEEB /* Web */,
				5FB040A829D0EF53008C24B1 /* Assets.xcassets */,
				5FB040AA29D0EF53008C24B1 /* Preview Content */,
			);
			path = Lessons;
			sourceTree = "<group>";
		};
		5FB040AA29D0EF53008C24B1 /* Preview Content */ = {
			isa = PBXGroup;
			children = (
				5FB040AB29D0EF53008C24B1 /* Preview Assets.xcassets */,
			);
			path = "Preview Content";
			sourceTree = "<group>";
		};
		5FB040BB29D0EFCD008C24B1 /* Utils */ = {
			isa = PBXGroup;
			children = (
				5FB040B529D0EFC1008C24B1 /* DataStore.swift */,
				5FB040B829D0EFCA008C24B1 /* StringHelpers.swift */,
				5FB040B729D0EFCA008C24B1 /* SwiftUIHelpers.swift */,
				5FF4168629E37A5D007CCB5A /* ScrollableCenteredView.swift */,
				5F69680529D1005D005ECEEB /* ArrayUtils.swift */,
				5F69681B29D3ECC2005ECEEB /* SeededRandom.swift */,
				5FF4168D29E39686007CCB5A /* Animations.swift */,
				5F7B6F7B29F89E9200B5C15F /* IdentifiedArray.swift */,
				5F09740529F8A1F10036E8A1 /* TypedID.swift */,
				5F27947229FCB6A200F65FF4 /* Concurrency.swift */,
				5F27947429FCB6BD00F65FF4 /* AwaitPublisher.swift */,
			);
			path = Utils;
			sourceTree = "<group>";
		};
		5FB040CC29D0F475008C24B1 /* LLM */ = {
			isa = PBXGroup;
			children = (
				5FB040CA29D0F470008C24B1 /* PromptPacker.swift */,
				5FB040C829D0F46D008C24B1 /* ParseConversation.swift */,
				5FB040C629D0F465008C24B1 /* Tokens.swift */,
			);
			path = LLM;
			sourceTree = "<group>";
		};
		5FB040CD29D0F909008C24B1 /* Models */ = {
			isa = PBXGroup;
			children = (
				5FB040BC29D0EFE3008C24B1 /* CourseStore.swift */,
				5F69681929D3CA61005ECEEB /* ProgressStore.swift */,
				5FB040C229D0F402008C24B1 /* CourseGen.swift */,
				5FB040D129D0FECA008C24B1 /* SlideGen.swift */,
				5F69681529D11885005ECEEB /* Questions.swift */,
			);
			path = Models;
			sourceTree = "<group>";
		};
		5FF4168A29E394AF007CCB5A /* Chat */ = {
			isa = PBXGroup;
			children = (
				5FF4168429E378CE007CCB5A /* ChatStore.swift */,
				5FF4168829E37C18007CCB5A /* ChatGen.swift */,
				5FF4168B29E3966B007CCB5A /* ChatView.swift */,
				5FF4168F29E3B14E007CCB5A /* TypingView.swift */,
			);
			path = Chat;
			sourceTree = "<group>";
		};
/* End PBXGroup section */

/* Begin PBXNativeTarget section */
		5FB040A029D0EF52008C24B1 /* Lessons */ = {
			isa = PBXNativeTarget;
			buildConfigurationList = 5FB040AF29D0EF53008C24B1 /* Build configuration list for PBXNativeTarget "Lessons" */;
			buildPhases = (
				5FB0409D29D0EF52008C24B1 /* Sources */,
				5FB0409E29D0EF52008C24B1 /* Frameworks */,
				5FB0409F29D0EF52008C24B1 /* Resources */,
			);
			buildRules = (
			);
			dependencies = (
			);
			name = Lessons;
			packageProductDependencies = (
				5FB040B329D0EF7A008C24B1 /* OpenAIStreamingCompletions */,
				5F69680829D10A59005ECEEB /* Ink */,
				5F46A48C2C8514D100D3E82D /* ChatToys */,
			);
			productName = Lessons;
			productReference = 5FB040A129D0EF52008C24B1 /* Lessons.app */;
			productType = "com.apple.product-type.application";
		};
/* End PBXNativeTarget section */

/* Begin PBXProject section */
		5FB0409929D0EF52008C24B1 /* Project object */ = {
			isa = PBXProject;
			attributes = {
				BuildIndependentTargetsInParallel = 1;
				LastSwiftUpdateCheck = 1420;
				LastUpgradeCheck = 1420;
				TargetAttributes = {
					5FB040A029D0EF52008C24B1 = {
						CreatedOnToolsVersion = 14.2;
					};
				};
			};
			buildConfigurationList = 5FB0409C29D0EF52008C24B1 /* Build configuration list for PBXProject "Lessons" */;
			compatibilityVersion = "Xcode 14.0";
			developmentRegion = en;
			hasScannedForEncodings = 0;
			knownRegions = (
				en,
				Base,
			);
			mainGroup = 5FB0409829D0EF52008C24B1;
			packageReferences = (
				5FB040B229D0EF7A008C24B1 /* XCRemoteSwiftPackageReference "openai-streaming-completions-swift" */,
				5F69680729D10A59005ECEEB /* XCRemoteSwiftPackageReference "ink" */,
				5F46A48B2C8514D100D3E82D /* XCRemoteSwiftPackageReference "chattoys" */,
			);
			productRefGroup = 5FB040A229D0EF52008C24B1 /* Products */;
			projectDirPath = "";
			projectRoot = "";
			targets = (
				5FB040A029D0EF52008C24B1 /* Lessons */,
			);
		};
/* End PBXProject section */

/* Begin PBXResourcesBuildPhase section */
		5FB0409F29D0EF52008C24B1 /* Resources */ = {
			isa = PBXResourcesBuildPhase;
			buildActionMask = 2147483647;
			files = (
				5FB040AC29D0EF53008C24B1 /* Preview Assets.xcassets in Resources */,
				5F27947029FC6C7400F65FF4 /* LilitaOne-Regular.ttf in Resources */,
				5FB040A929D0EF53008C24B1 /* Assets.xcassets in Resources */,
			);
			runOnlyForDeploymentPostprocessing = 0;
		};
/* End PBXResourcesBuildPhase section */

/* Begin PBXSourcesBuildPhase section */
		5FB0409D29D0EF52008C24B1 /* Sources */ = {
			isa = PBXSourcesBuildPhase;
			buildActionMask = 2147483647;
			files = (
				5F69681C29D3ECC2005ECEEB /* SeededRandom.swift in Sources */,
				5FF4168C29E3966B007CCB5A /* ChatView.swift in Sources */,
				5FB040C929D0F46D008C24B1 /* ParseConversation.swift in Sources */,
				5F79E1DB29DFC05000B91392 /* Settings.swift in Sources */,
				5FB040BA29D0EFCA008C24B1 /* StringHelpers.swift in Sources */,
				5FB040A729D0EF52008C24B1 /* CourseList.swift in Sources */,
				5F09740629F8A1F10036E8A1 /* TypedID.swift in Sources */,
				5FF4168529E378CE007CCB5A /* ChatStore.swift in Sources */,
				5FB040C129D0F3AC008C24B1 /* CourseView.swift in Sources */,
				5F57F77029FB5E8800077992 /* FunTitleText.swift in Sources */,
				5F27947329FCB6A200F65FF4 /* Concurrency.swift in Sources */,
				5FB040BF29D0F26F008C24B1 /* NewCourse.swift in Sources */,
				5F69680D29D10ADD005ECEEB /* InfoSlide.swift in Sources */,
				5FB040C329D0F402008C24B1 /* CourseGen.swift in Sources */,
				5FF4169029E3B14E007CCB5A /* TypingView.swift in Sources */,
				5FF4168929E37C18007CCB5A /* ChatGen.swift in Sources */,
				5FB040D029D0FC67008C24B1 /* UnitView.swift in Sources */,
				5F69681429D10E4E005ECEEB /* WebView+JS.swift in Sources */,
				5F31F2F929FA08AB00B79E7C /* TitleSlide.swift in Sources */,
				5F27948129FF554900F65FF4 /* BridgedTextField.swift in Sources */,
				5F7B6F7C29F89E9200B5C15F /* IdentifiedArray.swift in Sources */,
				5FB040B929D0EFCA008C24B1 /* SwiftUIHelpers.swift in Sources */,
				5FB040B629D0EFC1008C24B1 /* DataStore.swift in Sources */,
				5FB040CB29D0F470008C24B1 /* PromptPacker.swift in Sources */,
				5F69681829D3CA50005ECEEB /* QuestionSlide.swift in Sources */,
				5F69681E29D4C3BB005ECEEB /* FunViews.swift in Sources */,
				5F27948329FF557000F65FF4 /* BridgedTextView.swift in Sources */,
				5F69680629D1005D005ECEEB /* ArrayUtils.swift in Sources */,
				5F69681229D10B17005ECEEB /* WebView.swift in Sources */,
				5F57F76D29FB5A8000077992 /* Constants.swift in Sources */,
				5FB040A529D0EF52008C24B1 /* LessonsApp.swift in Sources */,
				5F27947B29FF539000F65FF4 /* FunHeader.swift in Sources */,
				5FF4168729E37A5D007CCB5A /* ScrollableCenteredView.swift in Sources */,
				5F69681129D10B17005ECEEB /* WebContent.swift in Sources */,
				5FB040D229D0FECA008C24B1 /* SlideGen.swift in Sources */,
				5F69681A29D3CA61005ECEEB /* ProgressStore.swift in Sources */,
				5FF4168E29E39686007CCB5A /* Animations.swift in Sources */,
				5F27947F29FF541F00F65FF4 /* FunTextField.swift in Sources */,
				5F69681629D11885005ECEEB /* Questions.swift in Sources */,
				5F27947529FCB6BD00F65FF4 /* AwaitPublisher.swift in Sources */,
				5F27947D29FF53C200F65FF4 /* FunButtonStyle.swift in Sources */,
				5FB040BD29D0EFE3008C24B1 /* CourseStore.swift in Sources */,
				5FB040C729D0F465008C24B1 /* Tokens.swift in Sources */,
			);
			runOnlyForDeploymentPostprocessing = 0;
		};
/* End PBXSourcesBuildPhase section */

/* Begin XCBuildConfiguration section */
		5FB040AD29D0EF53008C24B1 /* Debug */ = {
			isa = XCBuildConfiguration;
			buildSettings = {
				ALWAYS_SEARCH_USER_PATHS = NO;
				CLANG_ANALYZER_NONNULL = YES;
				CLANG_ANALYZER_NUMBER_OBJECT_CONVERSION = YES_AGGRESSIVE;
				CLANG_CXX_LANGUAGE_STANDARD = "gnu++20";
				CLANG_ENABLE_MODULES = YES;
				CLANG_ENABLE_OBJC_ARC = YES;
				CLANG_ENABLE_OBJC_WEAK = YES;
				CLANG_WARN_BLOCK_CAPTURE_AUTORELEASING = YES;
				CLANG_WARN_BOOL_CONVERSION = YES;
				CLANG_WARN_COMMA = YES;
				CLANG_WARN_CONSTANT_CONVERSION = YES;
				CLANG_WARN_DEPRECATED_OBJC_IMPLEMENTATIONS = YES;
				CLANG_WARN_DIRECT_OBJC_ISA_USAGE = YES_ERROR;
				CLANG_WARN_DOCUMENTATION_COMMENTS = YES;
				CLANG_WARN_EMPTY_BODY = YES;
				CLANG_WARN_ENUM_CONVERSION = YES;
				CLANG_WARN_INFINITE_RECURSION = YES;
				CLANG_WARN_INT_CONVERSION = YES;
				CLANG_WARN_NON_LITERAL_NULL_CONVERSION = YES;
				CLANG_WARN_OBJC_IMPLICIT_RETAIN_SELF = YES;
				CLANG_WARN_OBJC_LITERAL_CONVERSION = YES;
				CLANG_WARN_OBJC_ROOT_CLASS = YES_ERROR;
				CLANG_WARN_QUOTED_INCLUDE_IN_FRAMEWORK_HEADER = YES;
				CLANG_WARN_RANGE_LOOP_ANALYSIS = YES;
				CLANG_WARN_STRICT_PROTOTYPES = YES;
				CLANG_WARN_SUSPICIOUS_MOVE = YES;
				CLANG_WARN_UNGUARDED_AVAILABILITY = YES_AGGRESSIVE;
				CLANG_WARN_UNREACHABLE_CODE = YES;
				CLANG_WARN__DUPLICATE_METHOD_MATCH = YES;
				COPY_PHASE_STRIP = NO;
				DEBUG_INFORMATION_FORMAT = dwarf;
				ENABLE_STRICT_OBJC_MSGSEND = YES;
				ENABLE_TESTABILITY = YES;
				GCC_C_LANGUAGE_STANDARD = gnu11;
				GCC_DYNAMIC_NO_PIC = NO;
				GCC_NO_COMMON_BLOCKS = YES;
				GCC_OPTIMIZATION_LEVEL = 0;
				GCC_PREPROCESSOR_DEFINITIONS = (
					"DEBUG=1",
					"$(inherited)",
				);
				GCC_WARN_64_TO_32_BIT_CONVERSION = YES;
				GCC_WARN_ABOUT_RETURN_TYPE = YES_ERROR;
				GCC_WARN_UNDECLARED_SELECTOR = YES;
				GCC_WARN_UNINITIALIZED_AUTOS = YES_AGGRESSIVE;
				GCC_WARN_UNUSED_FUNCTION = YES;
				GCC_WARN_UNUSED_VARIABLE = YES;
				IPHONEOS_DEPLOYMENT_TARGET = 16.2;
				MTL_ENABLE_DEBUG_INFO = INCLUDE_SOURCE;
				MTL_FAST_MATH = YES;
				ONLY_ACTIVE_ARCH = YES;
				SDKROOT = iphoneos;
				SWIFT_ACTIVE_COMPILATION_CONDITIONS = DEBUG;
				SWIFT_OPTIMIZATION_LEVEL = "-Onone";
			};
			name = Debug;
		};
		5FB040AE29D0EF53008C24B1 /* Release */ = {
			isa = XCBuildConfiguration;
			buildSettings = {
				ALWAYS_SEARCH_USER_PATHS = NO;
				CLANG_ANALYZER_NONNULL = YES;
				CLANG_ANALYZER_NUMBER_OBJECT_CONVERSION = YES_AGGRESSIVE;
				CLANG_CXX_LANGUAGE_STANDARD = "gnu++20";
				CLANG_ENABLE_MODULES = YES;
				CLANG_ENABLE_OBJC_ARC = YES;
				CLANG_ENABLE_OBJC_WEAK = YES;
				CLANG_WARN_BLOCK_CAPTURE_AUTORELEASING = YES;
				CLANG_WARN_BOOL_CONVERSION = YES;
				CLANG_WARN_COMMA = YES;
				CLANG_WARN_CONSTANT_CONVERSION = YES;
				CLANG_WARN_DEPRECATED_OBJC_IMPLEMENTATIONS = YES;
				CLANG_WARN_DIRECT_OBJC_ISA_USAGE = YES_ERROR;
				CLANG_WARN_DOCUMENTATION_COMMENTS = YES;
				CLANG_WARN_EMPTY_BODY = YES;
				CLANG_WARN_ENUM_CONVERSION = YES;
				CLANG_WARN_INFINITE_RECURSION = YES;
				CLANG_WARN_INT_CONVERSION = YES;
				CLANG_WARN_NON_LITERAL_NULL_CONVERSION = YES;
				CLANG_WARN_OBJC_IMPLICIT_RETAIN_SELF = YES;
				CLANG_WARN_OBJC_LITERAL_CONVERSION = YES;
				CLANG_WARN_OBJC_ROOT_CLASS = YES_ERROR;
				CLANG_WARN_QUOTED_INCLUDE_IN_FRAMEWORK_HEADER = YES;
				CLANG_WARN_RANGE_LOOP_ANALYSIS = YES;
				CLANG_WARN_STRICT_PROTOTYPES = YES;
				CLANG_WARN_SUSPICIOUS_MOVE = YES;
				CLANG_WARN_UNGUARDED_AVAILABILITY = YES_AGGRESSIVE;
				CLANG_WARN_UNREACHABLE_CODE = YES;
				CLANG_WARN__DUPLICATE_METHOD_MATCH = YES;
				COPY_PHASE_STRIP = NO;
				DEBUG_INFORMATION_FORMAT = "dwarf-with-dsym";
				ENABLE_NS_ASSERTIONS = NO;
				ENABLE_STRICT_OBJC_MSGSEND = YES;
				GCC_C_LANGUAGE_STANDARD = gnu11;
				GCC_NO_COMMON_BLOCKS = YES;
				GCC_WARN_64_TO_32_BIT_CONVERSION = YES;
				GCC_WARN_ABOUT_RETURN_TYPE = YES_ERROR;
				GCC_WARN_UNDECLARED_SELECTOR = YES;
				GCC_WARN_UNINITIALIZED_AUTOS = YES_AGGRESSIVE;
				GCC_WARN_UNUSED_FUNCTION = YES;
				GCC_WARN_UNUSED_VARIABLE = YES;
				IPHONEOS_DEPLOYMENT_TARGET = 16.2;
				MTL_ENABLE_DEBUG_INFO = NO;
				MTL_FAST_MATH = YES;
				SDKROOT = iphoneos;
				SWIFT_COMPILATION_MODE = wholemodule;
				SWIFT_OPTIMIZATION_LEVEL = "-O";
				VALIDATE_PRODUCT = YES;
			};
			name = Release;
		};
		5FB040B029D0EF53008C24B1 /* Debug */ = {
			isa = XCBuildConfiguration;
			buildSettings = {
				ASSETCATALOG_COMPILER_APPICON_NAME = AppIcon;
				ASSETCATALOG_COMPILER_GLOBAL_ACCENT_COLOR_NAME = AccentColor;
				CODE_SIGN_STYLE = Automatic;
				CURRENT_PROJECT_VERSION = 2;
				DEVELOPMENT_ASSET_PATHS = "\"Lessons/Preview Content\"";
				DEVELOPMENT_TEAM = VPN8ZW6EAC;
				ENABLE_PREVIEWS = YES;
				GENERATE_INFOPLIST_FILE = YES;
				INFOPLIST_FILE = Lessons/Info.plist;
				INFOPLIST_KEY_CFBundleDisplayName = Uhoh;
				INFOPLIST_KEY_UIApplicationSceneManifest_Generation = YES;
				INFOPLIST_KEY_UIApplicationSupportsIndirectInputEvents = YES;
				INFOPLIST_KEY_UILaunchScreen_Generation = YES;
				INFOPLIST_KEY_UISupportedInterfaceOrientations_iPad = "UIInterfaceOrientationPortrait UIInterfaceOrientationPortraitUpsideDown UIInterfaceOrientationLandscapeLeft UIInterfaceOrientationLandscapeRight";
				INFOPLIST_KEY_UISupportedInterfaceOrientations_iPhone = "UIInterfaceOrientationPortrait UIInterfaceOrientationLandscapeLeft UIInterfaceOrientationLandscapeRight";
				LD_RUNPATH_SEARCH_PATHS = (
					"$(inherited)",
					"@executable_path/Frameworks",
				);
				MARKETING_VERSION = 1.0;
				PRODUCT_BUNDLE_IDENTIFIER = com.nateparrott.Lessons;
				PRODUCT_NAME = "$(TARGET_NAME)";
				SWIFT_EMIT_LOC_STRINGS = YES;
				SWIFT_VERSION = 5.0;
				TARGETED_DEVICE_FAMILY = "1,2";
			};
			name = Debug;
		};
		5FB040B129D0EF53008C24B1 /* Release */ = {
			isa = XCBuildConfiguration;
			buildSettings = {
				ASSETCATALOG_COMPILER_APPICON_NAME = AppIcon;
				ASSETCATALOG_COMPILER_GLOBAL_ACCENT_COLOR_NAME = AccentColor;
				CODE_SIGN_STYLE = Automatic;
				CURRENT_PROJECT_VERSION = 2;
				DEVELOPMENT_ASSET_PATHS = "\"Lessons/Preview Content\"";
				DEVELOPMENT_TEAM = VPN8ZW6EAC;
				ENABLE_PREVIEWS = YES;
				GENERATE_INFOPLIST_FILE = YES;
				INFOPLIST_FILE = Lessons/Info.plist;
				INFOPLIST_KEY_CFBundleDisplayName = Uhoh;
				INFOPLIST_KEY_UIApplicationSceneManifest_Generation = YES;
				INFOPLIST_KEY_UIApplicationSupportsIndirectInputEvents = YES;
				INFOPLIST_KEY_UILaunchScreen_Generation = YES;
				INFOPLIST_KEY_UISupportedInterfaceOrientations_iPad = "UIInterfaceOrientationPortrait UIInterfaceOrientationPortraitUpsideDown UIInterfaceOrientationLandscapeLeft UIInterfaceOrientationLandscapeRight";
				INFOPLIST_KEY_UISupportedInterfaceOrientations_iPhone = "UIInterfaceOrientationPortrait UIInterfaceOrientationLandscapeLeft UIInterfaceOrientationLandscapeRight";
				LD_RUNPATH_SEARCH_PATHS = (
					"$(inherited)",
					"@executable_path/Frameworks",
				);
				MARKETING_VERSION = 1.0;
				PRODUCT_BUNDLE_IDENTIFIER = com.nateparrott.Lessons;
				PRODUCT_NAME = "$(TARGET_NAME)";
				SWIFT_EMIT_LOC_STRINGS = YES;
				SWIFT_VERSION = 5.0;
				TARGETED_DEVICE_FAMILY = "1,2";
			};
			name = Release;
		};
/* End XCBuildConfiguration section */

/* Begin XCConfigurationList section */
		5FB0409C29D0EF52008C24B1 /* Build configuration list for PBXProject "Lessons" */ = {
			isa = XCConfigurationList;
			buildConfigurations = (
				5FB040AD29D0EF53008C24B1 /* Debug */,
				5FB040AE29D0EF53008C24B1 /* Release */,
			);
			defaultConfigurationIsVisible = 0;
			defaultConfigurationName = Release;
		};
		5FB040AF29D0EF53008C24B1 /* Build configuration list for PBXNativeTarget "Lessons" */ = {
			isa = XCConfigurationList;
			buildConfigurations = (
				5FB040B029D0EF53008C24B1 /* Debug */,
				5FB040B129D0EF53008C24B1 /* Release */,
			);
			defaultConfigurationIsVisible = 0;
			defaultConfigurationName = Release;
		};
/* End XCConfigurationList section */

/* Begin XCRemoteSwiftPackageReference section */
		5F46A48B2C8514D100D3E82D /* XCRemoteSwiftPackageReference "chattoys" */ = {
			isa = XCRemoteSwiftPackageReference;
			repositoryURL = "https://github.com/nate-parrott/chattoys";
			requirement = {
				branch = main;
				kind = branch;
			};
		};
		5F69680729D10A59005ECEEB /* XCRemoteSwiftPackageReference "ink" */ = {
			isa = XCRemoteSwiftPackageReference;
			repositoryURL = "https://github.com/johnsundell/ink.git";
			requirement = {
				kind = upToNextMajorVersion;
				minimumVersion = 0.5.1;
			};
		};
		5FB040B229D0EF7A008C24B1 /* XCRemoteSwiftPackageReference "openai-streaming-completions-swift" */ = {
			isa = XCRemoteSwiftPackageReference;
			repositoryURL = "https://github.com/nate-parrott/openai-streaming-completions-swift";
			requirement = {
				kind = upToNextMajorVersion;
				minimumVersion = 1.0.0;
			};
		};
/* End XCRemoteSwiftPackageReference section */

/* Begin XCSwiftPackageProductDependency section */
		5F46A48C2C8514D100D3E82D /* ChatToys */ = {
			isa = XCSwiftPackageProductDependency;
			package = 5F46A48B2C8514D100D3E82D /* XCRemoteSwiftPackageReference "chattoys" */;
			productName = ChatToys;
		};
		5F69680829D10A59005ECEEB /* Ink */ = {
			isa = XCSwiftPackageProductDependency;
			package = 5F69680729D10A59005ECEEB /* XCRemoteSwiftPackageReference "ink" */;
			productName = Ink;
		};
		5FB040B329D0EF7A008C24B1 /* OpenAIStreamingCompletions */ = {
			isa = XCSwiftPackageProductDependency;
			package = 5FB040B229D0EF7A008C24B1 /* XCRemoteSwiftPackageReference "openai-streaming-completions-swift" */;
			productName = OpenAIStreamingCompletions;
		};
/* End XCSwiftPackageProductDependency section */
	};
	rootObject = 5FB0409929D0EF52008C24B1 /* Project object */;
}
